
Microsoft Visual Studio Solution File, Format Version 12.00
# Visual Studio 15
VisualStudioVersion = 15.0.28010.2046
MinimumVisualStudioVersion = 10.0.40219.1
Project("{8BC9CEB8-8B4A-11D0-8D11-00A0C91BC942}") = "AnimationTool", "AnimationTool\AnimationTool.vcxproj", "{0C3E359D-B052-4BB3-9628-3FFA1B041E56}"
EndProject
Project("{8BC9CEB8-8B4A-11D0-8D11-00A0C91BC942}") = "SoundTool", "SoundTool\SoundTool.vcxproj", "{B59EDC6D-D2F1-4C25-9756-0DCE91D27C85}"
EndProject
Project("{8BC9CEB8-8B4A-11D0-8D11-00A0C91BC942}") = "AnimSoundTool", "AnimSoundTool\AnimSoundTool.vcxproj", "{1C632510-EDC8-4E40-A7BA-667514E34D3D}"
EndProject
Global
	GlobalSection(SolutionConfigurationPlatforms) = preSolution
		Debug|x64 = Debug|x64
		Debug|x86 = Debug|x86
		Release|x64 = Release|x64
		Release|x86 = Release|x86
	EndGlobalSection
	GlobalSection(ProjectConfigurationPlatforms) = postSolution
		{0C3E359D-B052-4BB3-9628-3FFA1B041E56}.Debug|x64.ActiveCfg = Debug|x64
		{0C3E359D-B052-4BB3-9628-3FFA1B041E56}.Debug|x64.Build.0 = Debug|x64
		{0C3E359D-B052-4BB3-9628-3FFA1B041E56}.Debug|x86.ActiveCfg = Debug|Win32
		{0C3E359D-B052-4BB3-9628-3FFA1B041E56}.Debug|x86.Build.0 = Debug|Win32
		{0C3E359D-B052-4BB3-9628-3FFA1B041E56}.Release|x64.ActiveCfg = Release|x64
		{0C3E359D-B052-4BB3-9628-3FFA1B041E56}.Release|x64.Build.0 = Release|x64
		{0C3E359D-B052-4BB3-9628-3FFA1B041E56}.Release|x86.ActiveCfg = Release|Win32
		{0C3E359D-B052-4BB3-9628-3FFA1B041E56}.Release|x86.Build.0 = Release|Win32
		{B59EDC6D-D2F1-4C25-9756-0DCE91D27C85}.Debug|x64.ActiveCfg = Debug|x64
		{B59EDC6D-D2F1-4C25-9756-0DCE91D27C85}.Debug|x64.Build.0 = Debug|x64
		{B59EDC6D-D2F1-4C25-9756-0DCE91D27C85}.Debug|x86.ActiveCfg = Debug|Win32
		{B59EDC6D-D2F1-4C25-9756-0DCE91D27C85}.Debug|x86.Build.0 = Debug|Win32
		{B59EDC6D-D2F1-4C25-9756-0DCE91D27C85}.Release|x64.ActiveCfg = Release|x64
		{B59EDC6D-D2F1-4C25-9756-0DCE91D27C85}.Release|x64.Build.0 = Release|x64
		{B59EDC6D-D2F1-4C25-9756-0DCE91D27C85}.Release|x86.ActiveCfg = Release|Win32
		{B59EDC6D-D2F1-4C25-9756-0DCE91D27C85}.Release|x86.Build.0 = Release|Win32
		{1C632510-EDC8-4E40-A7BA-667514E34D3D}.Debug|x64.ActiveCfg = Debug|x64
		{1C632510-EDC8-4E40-A7BA-667514E34D3D}.Debug|x64.Build.0 = Debug|x64
		{1C632510-EDC8-4E40-A7BA-667514E34D3D}.Debug|x86.ActiveCfg = Debug|Win32
		{1C632510-EDC8-4E40-A7BA-667514E34D3D}.Debug|x86.Build.0 = Debug|Win32
		{1C632510-EDC8-4E40-A7BA-667514E34D3D}.Release|x64.ActiveCfg = Release|x64
		{1C632510-EDC8-4E40-A7BA-667514E34D3D}.Release|x64.Build.0 = Release|x64
		{1C632510-EDC8-4E40-A7BA-667514E34D3D}.Release|x86.ActiveCfg = Release|Win32
		{1C632510-EDC8-4E40-A7BA-667514E34D3D}.Release|x86.Build.0 = Release|Win32
	EndGlobalSection
	GlobalSection(SolutionProperties) = preSolution
		HideSolutionNode = FALSE
	EndGlobalSection
	GlobalSection(ExtensibilityGlobals) = postSolution
		SolutionGuid = {1BF36C08-1DDE-4454-8F55-41F75E128A0B}
	EndGlobalSection
EndGlobal
